
Microsoft Visual Studio Solution File, Format Version 12.00
# Visual Studio Version 17
VisualStudioVersion = 17.10.35122.118
MinimumVisualStudioVersion = 10.0.40219.1
Project("{9A19103F-16F7-4668-BE54-9A1E7A4F7556}") = "Starter.Account.WebApi", "src\Starter.Account.WebApi\Starter.Account.WebApi.csproj", "{1AAB245E-EE1D-4820-8162-23AF7B9D94FB}"
EndProject
Project("{9A19103F-16F7-4668-BE54-9A1E7A4F7556}") = "Starter.Account.WebApi.UnitTests", "tests\Starter.Account.WebApi.UnitTests\Starter.Account.WebApi.UnitTests.csproj", "{F987E486-EFBD-4114-A73C-CA17344C755B}"
EndProject
Project("{9A19103F-16F7-4668-BE54-9A1E7A4F7556}") = "Starter.Account.WebApi.IntegrationTests", "tests\Starter.Account.WebApi.IntegrationTests\Starter.Account.WebApi.IntegrationTests.csproj", "{AA5CD5FA-4CD2-4731-917E-2E4654CCCD1C}"
EndProject
Project("{FAE04EC0-301F-11D3-BF4B-00C04F79EFBC}") = "Starter.AppHost", "src\Starter.AppHost\Starter.AppHost.csproj", "{89F6F4DA-4232-4A8B-BBFA-B8F232BDCA00}"
EndProject
Project("{9A19103F-16F7-4668-BE54-9A1E7A4F7556}") = "Starter.ServiceDefaults", "src\Starter.ServiceDefaults\Starter.ServiceDefaults.csproj", "{C01C77A9-62D4-4AD9-BCE9-02A489AC6808}"
EndProject
Project("{2150E333-8FDC-42A3-9474-1A3956D46DE8}") = "Account", "Account", "{DCDDF52B-5F91-4283-B044-315B78C2E9FB}"
EndProject
Project("{9A19103F-16F7-4668-BE54-9A1E7A4F7556}") = "Starter.Store.WebApi", "src\Starter.Store.WebApi\Starter.Store.WebApi.csproj", "{5D9BFE1E-7807-46CC-A324-8FA6D7286E67}"
EndProject
Project("{2150E333-8FDC-42A3-9474-1A3956D46DE8}") = "Store", "Store", "{72921948-1883-4B36-94D2-AE44210B6518}"
EndProject
Global
	GlobalSection(SolutionConfigurationPlatforms) = preSolution
		Debug|Any CPU = Debug|Any CPU
		Release|Any CPU = Release|Any CPU
	EndGlobalSection
	GlobalSection(ProjectConfigurationPlatforms) = postSolution
		{1AAB245E-EE1D-4820-8162-23AF7B9D94FB}.Debug|Any CPU.ActiveCfg = Debug|Any CPU
		{1AAB245E-EE1D-4820-8162-23AF7B9D94FB}.Debug|Any CPU.Build.0 = Debug|Any CPU
		{1AAB245E-EE1D-4820-8162-23AF7B9D94FB}.Release|Any CPU.ActiveCfg = Release|Any CPU
		{1AAB245E-EE1D-4820-8162-23AF7B9D94FB}.Release|Any CPU.Build.0 = Release|Any CPU
		{F987E486-EFBD-4114-A73C-CA17344C755B}.Debug|Any CPU.ActiveCfg = Debug|Any CPU
		{F987E486-EFBD-4114-A73C-CA17344C755B}.Debug|Any CPU.Build.0 = Debug|Any CPU
		{F987E486-EFBD-4114-A73C-CA17344C755B}.Release|Any CPU.ActiveCfg = Release|Any CPU
		{F987E486-EFBD-4114-A73C-CA17344C755B}.Release|Any CPU.Build.0 = Release|Any CPU
		{AA5CD5FA-4CD2-4731-917E-2E4654CCCD1C}.Debug|Any CPU.ActiveCfg = Debug|Any CPU
		{AA5CD5FA-4CD2-4731-917E-2E4654CCCD1C}.Debug|Any CPU.Build.0 = Debug|Any CPU
		{AA5CD5FA-4CD2-4731-917E-2E4654CCCD1C}.Release|Any CPU.ActiveCfg = Release|Any CPU
		{AA5CD5FA-4CD2-4731-917E-2E4654CCCD1C}.Release|Any CPU.Build.0 = Release|Any CPU
		{89F6F4DA-4232-4A8B-BBFA-B8F232BDCA00}.Debug|Any CPU.ActiveCfg = Debug|Any CPU
		{89F6F4DA-4232-4A8B-BBFA-B8F232BDCA00}.Debug|Any CPU.Build.0 = Debug|Any CPU
		{89F6F4DA-4232-4A8B-BBFA-B8F232BDCA00}.Release|Any CPU.ActiveCfg = Release|Any CPU
		{89F6F4DA-4232-4A8B-BBFA-B8F232BDCA00}.Release|Any CPU.Build.0 = Release|Any CPU
		{C01C77A9-62D4-4AD9-BCE9-02A489AC6808}.Debug|Any CPU.ActiveCfg = Debug|Any CPU
		{C01C77A9-62D4-4AD9-BCE9-02A489AC6808}.Debug|Any CPU.Build.0 = Debug|Any CPU
		{C01C77A9-62D4-4AD9-BCE9-02A489AC6808}.Release|Any CPU.ActiveCfg = Release|Any CPU
		{C01C77A9-62D4-4AD9-BCE9-02A489AC6808}.Release|Any CPU.Build.0 = Release|Any CPU
		{5D9BFE1E-7807-46CC-A324-8FA6D7286E67}.Debug|Any CPU.ActiveCfg = Debug|Any CPU
		{5D9BFE1E-7807-46CC-A324-8FA6D7286E67}.Debug|Any CPU.Build.0 = Debug|Any CPU
		{5D9BFE1E-7807-46CC-A324-8FA6D7286E67}.Release|Any CPU.ActiveCfg = Release|Any CPU
		{5D9BFE1E-7807-46CC-A324-8FA6D7286E67}.Release|Any CPU.Build.0 = Release|Any CPU
	EndGlobalSection
	GlobalSection(SolutionProperties) = preSolution
		HideSolutionNode = FALSE
	EndGlobalSection
	GlobalSection(NestedProjects) = preSolution
		{1AAB245E-EE1D-4820-8162-23AF7B9D94FB} = {DCDDF52B-5F91-4283-B044-315B78C2E9FB}
		{F987E486-EFBD-4114-A73C-CA17344C755B} = {DCDDF52B-5F91-4283-B044-315B78C2E9FB}
		{AA5CD5FA-4CD2-4731-917E-2E4654CCCD1C} = {DCDDF52B-5F91-4283-B044-315B78C2E9FB}
		{5D9BFE1E-7807-46CC-A324-8FA6D7286E67} = {72921948-1883-4B36-94D2-AE44210B6518}
	EndGlobalSection
	GlobalSection(ExtensibilityGlobals) = postSolution
		SolutionGuid = {84830ADA-8C01-4558-9E43-87B1A904D627}
	EndGlobalSection
EndGlobal
