
Microsoft Visual Studio Solution File, Format Version 12.00
# Visual Studio Version 17
VisualStudioVersion = 17.10.35122.118
MinimumVisualStudioVersion = 10.0.40219.1
Project("{2150E333-8FDC-42A3-9474-1A3956D46DE8}") = "Éléments de solution", "Éléments de solution", "{F526B5C5-1479-442B-8AAF-26F2523E6912}"
	ProjectSection(SolutionItems) = preProject
		ReadMe.md = ReadMe.md
	EndProjectSection
EndProject
Project("{9A19103F-16F7-4668-BE54-9A1E7A4F7556}") = "Starter.WebApi", "src\Starter.WebApi\Starter.WebApi.csproj", "{3323859A-BBD6-4FAD-A7F1-B50E8C65C484}"
EndProject
Project("{9A19103F-16F7-4668-BE54-9A1E7A4F7556}") = "Starter.WebApi.IntegrationTests", "tests\Starter.WebApi.IntegrationTests\Starter.WebApi.IntegrationTests.csproj", "{EAFB15D6-5B4C-4161-A3FC-17C5BE61DFAD}"
EndProject
Project("{9A19103F-16F7-4668-BE54-9A1E7A4F7556}") = "Starter.WebApi.UnitTests", "tests\Starter.WebApi.UnitTests\Starter.WebApi.UnitTests.csproj", "{C8FCD1CD-C976-4CC8-A89C-C118AA1C56AD}"
EndProject
Project("{E53339B2-1760-4266-BCC7-CA923CBCF16C}") = "docker-compose", "docker-compose.dcproj", "{13689BEC-DABA-4211-8C08-D6301D3C498A}"
EndProject
Global
	GlobalSection(SolutionConfigurationPlatforms) = preSolution
		Debug|Any CPU = Debug|Any CPU
		Release|Any CPU = Release|Any CPU
	EndGlobalSection
	GlobalSection(ProjectConfigurationPlatforms) = postSolution
		{3323859A-BBD6-4FAD-A7F1-B50E8C65C484}.Debug|Any CPU.ActiveCfg = Debug|Any CPU
		{3323859A-BBD6-4FAD-A7F1-B50E8C65C484}.Debug|Any CPU.Build.0 = Debug|Any CPU
		{3323859A-BBD6-4FAD-A7F1-B50E8C65C484}.Release|Any CPU.ActiveCfg = Release|Any CPU
		{3323859A-BBD6-4FAD-A7F1-B50E8C65C484}.Release|Any CPU.Build.0 = Release|Any CPU
		{EAFB15D6-5B4C-4161-A3FC-17C5BE61DFAD}.Debug|Any CPU.ActiveCfg = Debug|Any CPU
		{EAFB15D6-5B4C-4161-A3FC-17C5BE61DFAD}.Debug|Any CPU.Build.0 = Debug|Any CPU
		{EAFB15D6-5B4C-4161-A3FC-17C5BE61DFAD}.Release|Any CPU.ActiveCfg = Release|Any CPU
		{EAFB15D6-5B4C-4161-A3FC-17C5BE61DFAD}.Release|Any CPU.Build.0 = Release|Any CPU
		{C8FCD1CD-C976-4CC8-A89C-C118AA1C56AD}.Debug|Any CPU.ActiveCfg = Debug|Any CPU
		{C8FCD1CD-C976-4CC8-A89C-C118AA1C56AD}.Debug|Any CPU.Build.0 = Debug|Any CPU
		{C8FCD1CD-C976-4CC8-A89C-C118AA1C56AD}.Release|Any CPU.ActiveCfg = Release|Any CPU
		{C8FCD1CD-C976-4CC8-A89C-C118AA1C56AD}.Release|Any CPU.Build.0 = Release|Any CPU
		{13689BEC-DABA-4211-8C08-D6301D3C498A}.Debug|Any CPU.ActiveCfg = Debug|Any CPU
		{13689BEC-DABA-4211-8C08-D6301D3C498A}.Debug|Any CPU.Build.0 = Debug|Any CPU
		{13689BEC-DABA-4211-8C08-D6301D3C498A}.Release|Any CPU.ActiveCfg = Release|Any CPU
		{13689BEC-DABA-4211-8C08-D6301D3C498A}.Release|Any CPU.Build.0 = Release|Any CPU
	EndGlobalSection
	GlobalSection(SolutionProperties) = preSolution
		HideSolutionNode = FALSE
	EndGlobalSection
	GlobalSection(ExtensibilityGlobals) = postSolution
		SolutionGuid = {84830ADA-8C01-4558-9E43-87B1A904D627}
	EndGlobalSection
EndGlobal
